
Microsoft Visual Studio Solution File, Format Version 12.00
# Visual Studio Version 17
VisualStudioVersion = 17.14.36203.30 d17.14
MinimumVisualStudioVersion = 10.0.40219.1
Project("{FAE04EC0-301F-11D3-BF4B-00C04F79EFBC}") = "dadosCompletos", "dadosCompletos\dadosCompletos.csproj", "{0C9CE075-A1B3-4DB0-95D3-AC8B678D6466}"
EndProject
Global
	GlobalSection(SolutionConfigurationPlatforms) = preSolution
		Debug|Any CPU = Debug|Any CPU
		Release|Any CPU = Release|Any CPU
	EndGlobalSection
	GlobalSection(ProjectConfigurationPlatforms) = postSolution
		{0C9CE075-A1B3-4DB0-95D3-AC8B678D6466}.Debug|Any CPU.ActiveCfg = Debug|Any CPU
		{0C9CE075-A1B3-4DB0-95D3-AC8B678D6466}.Debug|Any CPU.Build.0 = Debug|Any CPU
		{0C9CE075-A1B3-4DB0-95D3-AC8B678D6466}.Release|Any CPU.ActiveCfg = Release|Any CPU
		{0C9CE075-A1B3-4DB0-95D3-AC8B678D6466}.Release|Any CPU.Build.0 = Release|Any CPU
	EndGlobalSection
	GlobalSection(SolutionProperties) = preSolution
		HideSolutionNode = FALSE
	EndGlobalSection
	GlobalSection(ExtensibilityGlobals) = postSolution
		SolutionGuid = {11698A6E-3AA7-4AA8-AF90-208CFFFCB20F}
	EndGlobalSection
EndGlobal
