
Microsoft Visual Studio Solution File, Format Version 12.00
# Visual Studio Version 17
VisualStudioVersion = 17.4.33213.308
MinimumVisualStudioVersion = 10.0.40219.1
Project("{FAE04EC0-301F-11D3-BF4B-00C04F79EFBC}") = "InerenciaSimples", "InerenciaSimples\InerenciaSimples.csproj", "{9ABE57ED-FA93-4292-BB8A-8F94757EC865}"
EndProject
Global
	GlobalSection(SolutionConfigurationPlatforms) = preSolution
		Debug|Any CPU = Debug|Any CPU
		Release|Any CPU = Release|Any CPU
	EndGlobalSection
	GlobalSection(ProjectConfigurationPlatforms) = postSolution
		{9ABE57ED-FA93-4292-BB8A-8F94757EC865}.Debug|Any CPU.ActiveCfg = Debug|Any CPU
		{9ABE57ED-FA93-4292-BB8A-8F94757EC865}.Debug|Any CPU.Build.0 = Debug|Any CPU
		{9ABE57ED-FA93-4292-BB8A-8F94757EC865}.Release|Any CPU.ActiveCfg = Release|Any CPU
		{9ABE57ED-FA93-4292-BB8A-8F94757EC865}.Release|Any CPU.Build.0 = Release|Any CPU
	EndGlobalSection
	GlobalSection(SolutionProperties) = preSolution
		HideSolutionNode = FALSE
	EndGlobalSection
	GlobalSection(ExtensibilityGlobals) = postSolution
		SolutionGuid = {A0117A2E-514A-4D30-A4F9-559C105033B1}
	EndGlobalSection
EndGlobal
