
Microsoft Visual Studio Solution File, Format Version 12.00
# Visual Studio Version 17
VisualStudioVersion = 17.4.33213.308
MinimumVisualStudioVersion = 10.0.40219.1
Project("{FAE04EC0-301F-11D3-BF4B-00C04F79EFBC}") = "enumeracao", "enumeracao\enumeracao.csproj", "{5B5830DB-8556-449C-9212-B333E5B6FF93}"
EndProject
Global
	GlobalSection(SolutionConfigurationPlatforms) = preSolution
		Debug|Any CPU = Debug|Any CPU
		Release|Any CPU = Release|Any CPU
	EndGlobalSection
	GlobalSection(ProjectConfigurationPlatforms) = postSolution
		{5B5830DB-8556-449C-9212-B333E5B6FF93}.Debug|Any CPU.ActiveCfg = Debug|Any CPU
		{5B5830DB-8556-449C-9212-B333E5B6FF93}.Debug|Any CPU.Build.0 = Debug|Any CPU
		{5B5830DB-8556-449C-9212-B333E5B6FF93}.Release|Any CPU.ActiveCfg = Release|Any CPU
		{5B5830DB-8556-449C-9212-B333E5B6FF93}.Release|Any CPU.Build.0 = Release|Any CPU
	EndGlobalSection
	GlobalSection(SolutionProperties) = preSolution
		HideSolutionNode = FALSE
	EndGlobalSection
	GlobalSection(ExtensibilityGlobals) = postSolution
		SolutionGuid = {C1D585D0-7D09-4E47-A43C-04F97E596D4D}
	EndGlobalSection
EndGlobal
