
Microsoft Visual Studio Solution File, Format Version 12.00
# Visual Studio Version 17
VisualStudioVersion = 17.4.33213.308
MinimumVisualStudioVersion = 10.0.40219.1
Project("{FAE04EC0-301F-11D3-BF4B-00C04F79EFBC}") = "heranca1", "heranca1\heranca1.csproj", "{778CDDEB-BDE3-42C8-9019-375372A4D543}"
EndProject
Global
	GlobalSection(SolutionConfigurationPlatforms) = preSolution
		Debug|Any CPU = Debug|Any CPU
		Release|Any CPU = Release|Any CPU
	EndGlobalSection
	GlobalSection(ProjectConfigurationPlatforms) = postSolution
		{778CDDEB-BDE3-42C8-9019-375372A4D543}.Debug|Any CPU.ActiveCfg = Debug|Any CPU
		{778CDDEB-BDE3-42C8-9019-375372A4D543}.Debug|Any CPU.Build.0 = Debug|Any CPU
		{778CDDEB-BDE3-42C8-9019-375372A4D543}.Release|Any CPU.ActiveCfg = Release|Any CPU
		{778CDDEB-BDE3-42C8-9019-375372A4D543}.Release|Any CPU.Build.0 = Release|Any CPU
	EndGlobalSection
	GlobalSection(SolutionProperties) = preSolution
		HideSolutionNode = FALSE
	EndGlobalSection
	GlobalSection(ExtensibilityGlobals) = postSolution
		SolutionGuid = {B911774B-AFA6-4951-A93C-0DCA401AE907}
	EndGlobalSection
EndGlobal
