
Microsoft Visual Studio Solution File, Format Version 12.00
# Visual Studio Version 17
VisualStudioVersion = 17.4.33213.308
MinimumVisualStudioVersion = 10.0.40219.1
Project("{FAE04EC0-301F-11D3-BF4B-00C04F79EFBC}") = "2-Sobrecarga", "2-Sobrecarga\2-Sobrecarga.csproj", "{B688E70E-47EA-4F95-AEEF-DB628B3E6A33}"
EndProject
Global
	GlobalSection(SolutionConfigurationPlatforms) = preSolution
		Debug|Any CPU = Debug|Any CPU
		Release|Any CPU = Release|Any CPU
	EndGlobalSection
	GlobalSection(ProjectConfigurationPlatforms) = postSolution
		{B688E70E-47EA-4F95-AEEF-DB628B3E6A33}.Debug|Any CPU.ActiveCfg = Debug|Any CPU
		{B688E70E-47EA-4F95-AEEF-DB628B3E6A33}.Debug|Any CPU.Build.0 = Debug|Any CPU
		{B688E70E-47EA-4F95-AEEF-DB628B3E6A33}.Release|Any CPU.ActiveCfg = Release|Any CPU
		{B688E70E-47EA-4F95-AEEF-DB628B3E6A33}.Release|Any CPU.Build.0 = Release|Any CPU
	EndGlobalSection
	GlobalSection(SolutionProperties) = preSolution
		HideSolutionNode = FALSE
	EndGlobalSection
	GlobalSection(ExtensibilityGlobals) = postSolution
		SolutionGuid = {976E4D29-927B-4A76-984C-8F27FFB618C6}
	EndGlobalSection
EndGlobal
