
Microsoft Visual Studio Solution File, Format Version 12.00
# Visual Studio Version 17
VisualStudioVersion = 17.4.33213.308
MinimumVisualStudioVersion = 10.0.40219.1
Project("{FAE04EC0-301F-11D3-BF4B-00C04F79EFBC}") = "AutoProperties", "AutoProperties\AutoProperties.csproj", "{28470B7F-47AF-482F-B757-54E1A1108F2B}"
EndProject
Global
	GlobalSection(SolutionConfigurationPlatforms) = preSolution
		Debug|Any CPU = Debug|Any CPU
		Release|Any CPU = Release|Any CPU
	EndGlobalSection
	GlobalSection(ProjectConfigurationPlatforms) = postSolution
		{28470B7F-47AF-482F-B757-54E1A1108F2B}.Debug|Any CPU.ActiveCfg = Debug|Any CPU
		{28470B7F-47AF-482F-B757-54E1A1108F2B}.Debug|Any CPU.Build.0 = Debug|Any CPU
		{28470B7F-47AF-482F-B757-54E1A1108F2B}.Release|Any CPU.ActiveCfg = Release|Any CPU
		{28470B7F-47AF-482F-B757-54E1A1108F2B}.Release|Any CPU.Build.0 = Release|Any CPU
	EndGlobalSection
	GlobalSection(SolutionProperties) = preSolution
		HideSolutionNode = FALSE
	EndGlobalSection
	GlobalSection(ExtensibilityGlobals) = postSolution
		SolutionGuid = {46295195-6189-4D9D-81B8-BB34DF283A9A}
	EndGlobalSection
EndGlobal
