
Microsoft Visual Studio Solution File, Format Version 12.00
# Visual Studio Version 17
VisualStudioVersion = 17.4.33213.308
MinimumVisualStudioVersion = 10.0.40219.1
Project("{FAE04EC0-301F-11D3-BF4B-00C04F79EFBC}") = "exerc2", "exerc2\exerc2.csproj", "{1094FBDF-976A-457E-963E-0AB284A229B1}"
EndProject
Global
	GlobalSection(SolutionConfigurationPlatforms) = preSolution
		Debug|Any CPU = Debug|Any CPU
		Release|Any CPU = Release|Any CPU
	EndGlobalSection
	GlobalSection(ProjectConfigurationPlatforms) = postSolution
		{1094FBDF-976A-457E-963E-0AB284A229B1}.Debug|Any CPU.ActiveCfg = Debug|Any CPU
		{1094FBDF-976A-457E-963E-0AB284A229B1}.Debug|Any CPU.Build.0 = Debug|Any CPU
		{1094FBDF-976A-457E-963E-0AB284A229B1}.Release|Any CPU.ActiveCfg = Release|Any CPU
		{1094FBDF-976A-457E-963E-0AB284A229B1}.Release|Any CPU.Build.0 = Release|Any CPU
	EndGlobalSection
	GlobalSection(SolutionProperties) = preSolution
		HideSolutionNode = FALSE
	EndGlobalSection
	GlobalSection(ExtensibilityGlobals) = postSolution
		SolutionGuid = {3C937BF0-711F-4CC6-8820-BF5BB6A6FA44}
	EndGlobalSection
EndGlobal
