
Microsoft Visual Studio Solution File, Format Version 12.00
# Visual Studio Version 17
VisualStudioVersion = 17.11.35222.181
MinimumVisualStudioVersion = 10.0.40219.1
Project("{FAE04EC0-301F-11D3-BF4B-00C04F79EFBC}") = "6 - Vetor2", "6 - Vetor2\6 - Vetor2.csproj", "{7C396286-F26E-4A74-A07E-D46EC03C7E5B}"
EndProject
Global
	GlobalSection(SolutionConfigurationPlatforms) = preSolution
		Debug|Any CPU = Debug|Any CPU
		Release|Any CPU = Release|Any CPU
	EndGlobalSection
	GlobalSection(ProjectConfigurationPlatforms) = postSolution
		{7C396286-F26E-4A74-A07E-D46EC03C7E5B}.Debug|Any CPU.ActiveCfg = Debug|Any CPU
		{7C396286-F26E-4A74-A07E-D46EC03C7E5B}.Debug|Any CPU.Build.0 = Debug|Any CPU
		{7C396286-F26E-4A74-A07E-D46EC03C7E5B}.Release|Any CPU.ActiveCfg = Release|Any CPU
		{7C396286-F26E-4A74-A07E-D46EC03C7E5B}.Release|Any CPU.Build.0 = Release|Any CPU
	EndGlobalSection
	GlobalSection(SolutionProperties) = preSolution
		HideSolutionNode = FALSE
	EndGlobalSection
	GlobalSection(ExtensibilityGlobals) = postSolution
		SolutionGuid = {BD38CE0C-0219-4E2D-91FD-29E503E63A77}
	EndGlobalSection
EndGlobal
